
Microsoft Visual Studio Solution File, Format Version 12.00
# Visual Studio Version 16
VisualStudioVersion = 16.0.31005.135
MinimumVisualStudioVersion = 10.0.40219.1
Project("{8BC9CEB8-8B4A-11D0-8D11-00A0C91BC942}") = "Lab1_1", "ConsoleApplication1\ConsoleApplication1.vcxproj", "{F5B6F32C-8173-4C9A-8227-9DBECDC75144}"
EndProject
Project("{8BC9CEB8-8B4A-11D0-8D11-00A0C91BC942}") = "Lab1_2", "Lab1_2\Lab1_2.vcxproj", "{A4B8169D-0F89-4A4A-A4C2-AB9012A2FBBF}"
EndProject
Project("{8BC9CEB8-8B4A-11D0-8D11-00A0C91BC942}") = "Lab1_3", "Lab1_3\Lab1_3.vcxproj", "{A5C64382-327A-4289-AA3D-EE15ADF063B2}"
EndProject
Global
	GlobalSection(SolutionConfigurationPlatforms) = preSolution
		Debug|x64 = Debug|x64
		Debug|x86 = Debug|x86
		Release|x64 = Release|x64
		Release|x86 = Release|x86
	EndGlobalSection
	GlobalSection(ProjectConfigurationPlatforms) = postSolution
		{F5B6F32C-8173-4C9A-8227-9DBECDC75144}.Debug|x64.ActiveCfg = Debug|x64
		{F5B6F32C-8173-4C9A-8227-9DBECDC75144}.Debug|x64.Build.0 = Debug|x64
		{F5B6F32C-8173-4C9A-8227-9DBECDC75144}.Debug|x86.ActiveCfg = Debug|Win32
		{F5B6F32C-8173-4C9A-8227-9DBECDC75144}.Debug|x86.Build.0 = Debug|Win32
		{F5B6F32C-8173-4C9A-8227-9DBECDC75144}.Release|x64.ActiveCfg = Release|x64
		{F5B6F32C-8173-4C9A-8227-9DBECDC75144}.Release|x64.Build.0 = Release|x64
		{F5B6F32C-8173-4C9A-8227-9DBECDC75144}.Release|x86.ActiveCfg = Release|Win32
		{F5B6F32C-8173-4C9A-8227-9DBECDC75144}.Release|x86.Build.0 = Release|Win32
		{A4B8169D-0F89-4A4A-A4C2-AB9012A2FBBF}.Debug|x64.ActiveCfg = Debug|x64
		{A4B8169D-0F89-4A4A-A4C2-AB9012A2FBBF}.Debug|x64.Build.0 = Debug|x64
		{A4B8169D-0F89-4A4A-A4C2-AB9012A2FBBF}.Debug|x86.ActiveCfg = Debug|Win32
		{A4B8169D-0F89-4A4A-A4C2-AB9012A2FBBF}.Debug|x86.Build.0 = Debug|Win32
		{A4B8169D-0F89-4A4A-A4C2-AB9012A2FBBF}.Release|x64.ActiveCfg = Release|x64
		{A4B8169D-0F89-4A4A-A4C2-AB9012A2FBBF}.Release|x64.Build.0 = Release|x64
		{A4B8169D-0F89-4A4A-A4C2-AB9012A2FBBF}.Release|x86.ActiveCfg = Release|Win32
		{A4B8169D-0F89-4A4A-A4C2-AB9012A2FBBF}.Release|x86.Build.0 = Release|Win32
		{A5C64382-327A-4289-AA3D-EE15ADF063B2}.Debug|x64.ActiveCfg = Debug|x64
		{A5C64382-327A-4289-AA3D-EE15ADF063B2}.Debug|x64.Build.0 = Debug|x64
		{A5C64382-327A-4289-AA3D-EE15ADF063B2}.Debug|x86.ActiveCfg = Debug|Win32
		{A5C64382-327A-4289-AA3D-EE15ADF063B2}.Debug|x86.Build.0 = Debug|Win32
		{A5C64382-327A-4289-AA3D-EE15ADF063B2}.Release|x64.ActiveCfg = Release|x64
		{A5C64382-327A-4289-AA3D-EE15ADF063B2}.Release|x64.Build.0 = Release|x64
		{A5C64382-327A-4289-AA3D-EE15ADF063B2}.Release|x86.ActiveCfg = Release|Win32
		{A5C64382-327A-4289-AA3D-EE15ADF063B2}.Release|x86.Build.0 = Release|Win32
	EndGlobalSection
	GlobalSection(SolutionProperties) = preSolution
		HideSolutionNode = FALSE
	EndGlobalSection
	GlobalSection(ExtensibilityGlobals) = postSolution
		SolutionGuid = {6E568260-5F54-48AF-8967-039AAD5EEE8E}
	EndGlobalSection
EndGlobal
